
Microsoft Visual Studio Solution File, Format Version 12.00
# Visual Studio Version 17
VisualStudioVersion = 17.14.37012.4 d17.14
MinimumVisualStudioVersion = 10.0.40219.1
Project("{FAE04EC0-301F-11D3-BF4B-00C04F79EFBC}") = "Tutorial", "Tutorial\Tutorial.csproj", "{7A25F11C-CD5A-40EC-AD2C-C1328F807774}"
EndProject
Global
	GlobalSection(SolutionConfigurationPlatforms) = preSolution
		Debug|Any CPU = Debug|Any CPU
		Release|Any CPU = Release|Any CPU
	EndGlobalSection
	GlobalSection(ProjectConfigurationPlatforms) = postSolution
		{7A25F11C-CD5A-40EC-AD2C-C1328F807774}.Debug|Any CPU.ActiveCfg = Debug|Any CPU
		{7A25F11C-CD5A-40EC-AD2C-C1328F807774}.Debug|Any CPU.Build.0 = Debug|Any CPU
		{7A25F11C-CD5A-40EC-AD2C-C1328F807774}.Release|Any CPU.ActiveCfg = Release|Any CPU
		{7A25F11C-CD5A-40EC-AD2C-C1328F807774}.Release|Any CPU.Build.0 = Release|Any CPU
	EndGlobalSection
	GlobalSection(SolutionProperties) = preSolution
		HideSolutionNode = FALSE
	EndGlobalSection
	GlobalSection(ExtensibilityGlobals) = postSolution
		SolutionGuid = {D20CF065-3A3C-4658-8F44-4DD80C7FD4C8}
	EndGlobalSection
EndGlobal
